
Microsoft Visual Studio Solution File, Format Version 12.00
# Visual Studio Version 16
VisualStudioVersion = 16.0.30523.141
MinimumVisualStudioVersion = 10.0.40219.1
Project("{FAE04EC0-301F-11D3-BF4B-00C04F79EFBC}") = "Calculadora_Comp_Lib", "Calculadora_Comp_Lib\Calculadora_Comp_Lib.csproj", "{6E468638-700E-4274-8DE6-7C66EE61C9AA}"
EndProject
Global
	GlobalSection(SolutionConfigurationPlatforms) = preSolution
		Debug|Any CPU = Debug|Any CPU
		Release|Any CPU = Release|Any CPU
	EndGlobalSection
	GlobalSection(ProjectConfigurationPlatforms) = postSolution
		{6E468638-700E-4274-8DE6-7C66EE61C9AA}.Debug|Any CPU.ActiveCfg = Debug|Any CPU
		{6E468638-700E-4274-8DE6-7C66EE61C9AA}.Debug|Any CPU.Build.0 = Debug|Any CPU
		{6E468638-700E-4274-8DE6-7C66EE61C9AA}.Release|Any CPU.ActiveCfg = Release|Any CPU
		{6E468638-700E-4274-8DE6-7C66EE61C9AA}.Release|Any CPU.Build.0 = Release|Any CPU
	EndGlobalSection
	GlobalSection(SolutionProperties) = preSolution
		HideSolutionNode = FALSE
	EndGlobalSection
	GlobalSection(ExtensibilityGlobals) = postSolution
		SolutionGuid = {7007503D-0CC7-4CAF-962A-22F17524AFA4}
	EndGlobalSection
EndGlobal
